{
  "name": "@dhruvaprasad001/hackathon",
  "version": "1.0.0",
  "lockfileVersion": 3,
  "requires": true,
  "packages": {
    "": {
      "name": "@dhruvaprasad001/hackathon",
      "version": "1.0.0",
      "license": "ISC",
      "dependencies": {
        "@dhruvaprasad001/hackathon": "^1.0.0",
        "zod": "^3.24.2"
      }
    },
    "node_modules/@dhruvaprasad001/hackathon": {
      "version": "1.0.0",
      "resolved": "https://registry.npmjs.org/@dhruvaprasad001/hackathon/-/hackathon-1.0.0.tgz",
      "integrity": "sha512-tbImC8jc5EQ66pqxWO7Q9gHfo7vZvhMBuGiUjKEyy7sEChDrTPbf0c3UrDycgeP/M/6GL21xG2ZBbgZfo6VZkg==",
      "license": "ISC",
      "dependencies": {
        "zod": "^3.24.2"
      }
    },
    "node_modules/zod": {
      "version": "3.24.2",
      "resolved": "https://registry.npmjs.org/zod/-/zod-3.24.2.tgz",
      "integrity": "sha512-lY7CDW43ECgW9u1TcT3IoXHflywfVqDYze4waEz812jR/bZ8FHDsl7pFQoSZTz5N+2NqRXs8GBwnAwo3ZNxqhQ==",
      "license": "MIT",
      "funding": {
        "url": "https://github.com/sponsors/colinhacks"
      }
    }
  }
}
